<?xml version="1.0" encoding="utf-8"?>
<Project ToolsVersion="4.0" xmlns="http://schemas.microsoft.com/developer/msbuild/2003">
  <ItemGroup>
    <Filter Include="Source Files">
      <UniqueIdentifier>{4FC737F1-C7A5-4376-A066-2A32D752A2FF}</UniqueIdentifier>
      <Extensions>cpp;c;cc;cxx;def;odl;idl;hpj;bat;asm;asmx</Extensions>
    </Filter>
    <Filter Include="Header Files">
      <UniqueIdentifier>{93995380-89BD-4b04-88EB-625FBE52EBFB}</UniqueIdentifier>
      <Extensions>h;hpp;hxx;hm;inl;inc;xsd</Extensions>
    </Filter>
    <Filter Include="Resource Files">
      <UniqueIdentifier>{67DA6AB6-F800-4c08-8B7A-83BB121AAD01}</UniqueIdentifier>
      <Extensions>rc;ico;cur;bmp;dlg;rc2;rct;bin;rgs;gif;jpg;jpeg;jpe;resx;tiff;tif;png;wav;mfcribbon-ms</Extensions>
    </Filter>
    <Filter Include="Driver Files">
      <UniqueIdentifier>{8E41214B-6785-4CFE-B992-037D68949A14}</UniqueIdentifier>
      <Extensions>inf;inv;inx;mof;mc;</Extensions>
    </Filter>
    <Filter Include="vmx">
      <UniqueIdentifier>{e84dc4ca-ee51-4a6c-85b2-c7146cd58405}</UniqueIdentifier>
    </Filter>
    <Filter Include="kvm">
      <UniqueIdentifier>{95a5523f-154a-4ba6-b957-46c5d1c2d18f}</UniqueIdentifier>
    </Filter>
    <Filter Include="asm">
      <UniqueIdentifier>{5b730aec-344c-478e-b9ce-bdfbc88aabb7}</UniqueIdentifier>
    </Filter>
    <Filter Include="svm">
      <UniqueIdentifier>{e6a833c5-c6cf-48b6-8dcb-a8c9ff3eaed6}</UniqueIdentifier>
    </Filter>
    <Filter Include="common">
      <UniqueIdentifier>{7aafcc92-ce4e-4d1a-b20e-51fcad0ce561}</UniqueIdentifier>
    </Filter>
    <Filter Include="mmu">
      <UniqueIdentifier>{8ecb2201-4dfc-4ee8-b83f-81ad8c9c052e}</UniqueIdentifier>
    </Filter>
    <Filter Include="ktl">
      <UniqueIdentifier>{f5e44aa3-9561-41a2-b7e5-67fbdfe29bd0}</UniqueIdentifier>
    </Filter>
  </ItemGroup>
  <ItemGroup>
    <ClCompile Include="svmx.c">
      <Filter>Source Files</Filter>
    </ClCompile>
    <ClCompile Include="vmx.c">
      <Filter>vmx</Filter>
    </ClCompile>
    <ClCompile Include="kvm_main.c">
      <Filter>kvm</Filter>
    </ClCompile>
    <ClCompile Include="x86.c">
      <Filter>kvm</Filter>
    </ClCompile>
    <ClCompile Include="Logging.c">
      <Filter>Source Files</Filter>
    </ClCompile>
    <ClCompile Include="virtext.c">
      <Filter>asm</Filter>
    </ClCompile>
    <ClCompile Include="processor.c">
      <Filter>asm</Filter>
    </ClCompile>
    <ClCompile Include="svm.c">
      <Filter>svm</Filter>
    </ClCompile>
    <ClCompile Include="pmu.c">
      <Filter>kvm</Filter>
    </ClCompile>
    <ClCompile Include="pmu_intel.c">
      <Filter>vmx</Filter>
    </ClCompile>
    <ClCompile Include="cpuid.c">
      <Filter>kvm</Filter>
    </ClCompile>
    <ClCompile Include="lapic.c">
      <Filter>kvm</Filter>
    </ClCompile>
    <ClCompile Include="nested.c">
      <Filter>common</Filter>
    </ClCompile>
    <ClCompile Include="mmu.c">
      <Filter>mmu</Filter>
    </ClCompile>
    <ClCompile Include="spte.c">
      <Filter>mmu</Filter>
    </ClCompile>
    <ClCompile Include="tdp_mmu.c">
      <Filter>mmu</Filter>
    </ClCompile>
    <ClCompile Include="mtrr.c">
      <Filter>kvm</Filter>
    </ClCompile>
  </ItemGroup>
  <ItemGroup>
    <ClInclude Include="pch.h">
      <Filter>Header Files</Filter>
    </ClInclude>
    <ClInclude Include="vmx.h">
      <Filter>vmx</Filter>
    </ClInclude>
    <ClInclude Include="kvm.h">
      <Filter>kvm</Filter>
    </ClInclude>
    <ClInclude Include="x86.h">
      <Filter>kvm</Filter>
    </ClInclude>
    <ClInclude Include="kvm_host.h">
      <Filter>kvm</Filter>
    </ClInclude>
    <ClInclude Include="int-ll64.h">
      <Filter>Header Files</Filter>
    </ClInclude>
    <ClInclude Include="types.h">
      <Filter>Header Files</Filter>
    </ClInclude>
    <ClInclude Include="kvm_types.h">
      <Filter>kvm</Filter>
    </ClInclude>
    <ClInclude Include="Logging.h">
      <Filter>Header Files</Filter>
    </ClInclude>
    <ClInclude Include="msr-index.h">
      <Filter>asm</Filter>
    </ClInclude>
    <ClInclude Include="kvm_para.h">
      <Filter>asm</Filter>
    </ClInclude>
    <ClInclude Include="virtext.h">
      <Filter>asm</Filter>
    </ClInclude>
    <ClInclude Include="processor.h">
      <Filter>asm</Filter>
    </ClInclude>
    <ClInclude Include="bitops.h">
      <Filter>asm</Filter>
    </ClInclude>
    <ClInclude Include="msr.h">
      <Filter>asm</Filter>
    </ClInclude>
    <ClInclude Include="processor-flags.h">
      <Filter>asm</Filter>
    </ClInclude>
    <ClInclude Include="mtrr.h">
      <Filter>asm</Filter>
    </ClInclude>
    <ClInclude Include="svm.h">
      <Filter>svm</Filter>
    </ClInclude>
    <ClInclude Include="ntexapi.h">
      <Filter>Header Files</Filter>
    </ClInclude>
    <ClInclude Include="pmu.h">
      <Filter>kvm</Filter>
    </ClInclude>
    <ClInclude Include="vmcs.h">
      <Filter>vmx</Filter>
    </ClInclude>
    <ClInclude Include="posted_intr.h">
      <Filter>vmx</Filter>
    </ClInclude>
    <ClInclude Include="desc_defs.h">
      <Filter>asm</Filter>
    </ClInclude>
    <ClInclude Include="kvm_emulate.h">
      <Filter>kvm</Filter>
    </ClInclude>
    <ClInclude Include="desc.h">
      <Filter>asm</Filter>
    </ClInclude>
    <ClInclude Include="capabilities.h">
      <Filter>vmx</Filter>
    </ClInclude>
    <ClInclude Include="lapic.h">
      <Filter>kvm</Filter>
    </ClInclude>
    <ClInclude Include="kvm_mm.h">
      <Filter>kvm</Filter>
    </ClInclude>
    <ClInclude Include="vmcs12.h">
      <Filter>vmx</Filter>
    </ClInclude>
    <ClInclude Include="svmx.h">
      <Filter>Header Files</Filter>
    </ClInclude>
    <ClInclude Include="vmxfeatures.h">
      <Filter>asm</Filter>
    </ClInclude>
    <ClInclude Include="run_flags.h">
      <Filter>vmx</Filter>
    </ClInclude>
    <ClInclude Include="vmx_ops.h">
      <Filter>vmx</Filter>
    </ClInclude>
    <ClInclude Include="sgx.h">
      <Filter>vmx</Filter>
    </ClInclude>
    <ClInclude Include="intel_pt.h">
      <Filter>asm</Filter>
    </ClInclude>
    <ClInclude Include="cpuid.h">
      <Filter>kvm</Filter>
    </ClInclude>
    <ClInclude Include="kvm_cache_regs.h">
      <Filter>kvm</Filter>
    </ClInclude>
    <ClInclude Include="smm.h">
      <Filter>kvm</Filter>
    </ClInclude>
    <ClInclude Include="apicdef.h">
      <Filter>asm</Filter>
    </ClInclude>
    <ClInclude Include="irq_vectors.h">
      <Filter>asm</Filter>
    </ClInclude>
    <ClInclude Include="nested.h">
      <Filter>common</Filter>
    </ClInclude>
    <ClInclude Include="pgtable_types.h">
      <Filter>asm</Filter>
    </ClInclude>
    <ClInclude Include="kvm_page_track.h">
      <Filter>asm</Filter>
    </ClInclude>
    <ClInclude Include="mmu.h">
      <Filter>mmu</Filter>
    </ClInclude>
    <ClInclude Include="spte.h">
      <Filter>mmu</Filter>
    </ClInclude>
    <ClInclude Include="mmu_internal.h">
      <Filter>mmu</Filter>
    </ClInclude>
    <ClInclude Include="hyperv.h">
      <Filter>vmx</Filter>
    </ClInclude>
    <ClInclude Include="tdp_mmu.h">
      <Filter>mmu</Filter>
    </ClInclude>
    <ClInclude Include="paging_tmpl.h">
      <Filter>mmu</Filter>
    </ClInclude>
    <ClInclude Include="perf_event.h">
      <Filter>asm</Filter>
    </ClInclude>
    <ClInclude Include="tdp_iter.h">
      <Filter>mmu</Filter>
    </ClInclude>
    <ClInclude Include="rbtree_types.h">
      <Filter>ktl</Filter>
    </ClInclude>
    <ClInclude Include="hashtable.h">
      <Filter>ktl</Filter>
    </ClInclude>
    <ClInclude Include="kvm_dirty_ring.h">
      <Filter>kvm</Filter>
    </ClInclude>
  </ItemGroup>
  <ItemGroup>
    <MASM Include="vmxenter.asm">
      <Filter>vmx</Filter>
    </MASM>
    <MASM Include="vm.asm">
      <Filter>kvm</Filter>
    </MASM>
  </ItemGroup>
</Project>