<?xml version="1.0" encoding="utf-8"?>
<Project ToolsVersion="4.0" xmlns="http://schemas.microsoft.com/developer/msbuild/2003">
  <ItemGroup>
    <Filter Include="源文件">
      <UniqueIdentifier>{4FC737F1-C7A5-4376-A066-2A32D752A2FF}</UniqueIdentifier>
      <Extensions>cpp;c;cc;cxx;c++;cppm;ixx;def;odl;idl;hpj;bat;asm;asmx</Extensions>
    </Filter>
    <Filter Include="头文件">
      <UniqueIdentifier>{93995380-89BD-4b04-88EB-625FBE52EBFB}</UniqueIdentifier>
      <Extensions>h;hh;hpp;hxx;h++;hm;inl;inc;ipp;xsd</Extensions>
    </Filter>
    <Filter Include="资源文件">
      <UniqueIdentifier>{67DA6AB6-F800-4c08-8B7A-83BB121AAD01}</UniqueIdentifier>
      <Extensions>rc;ico;cur;bmp;dlg;rc2;rct;bin;rgs;gif;jpg;jpeg;jpe;resx;tiff;tif;png;wav;mfcribbon-ms</Extensions>
    </Filter>
    <Filter Include="softmmu">
      <UniqueIdentifier>{1031d582-7ae2-4ba4-9c66-1d7bebcc63e5}</UniqueIdentifier>
    </Filter>
    <Filter Include="sysemu">
      <UniqueIdentifier>{99eb954b-aa57-408d-bbd6-8cebaad86505}</UniqueIdentifier>
    </Filter>
    <Filter Include="util">
      <UniqueIdentifier>{ab51c76f-50a3-47fd-b91f-3cb84a800580}</UniqueIdentifier>
    </Filter>
    <Filter Include="qom">
      <UniqueIdentifier>{2a96fdfd-0074-4c0d-a6b5-6e258ae2ae4f}</UniqueIdentifier>
    </Filter>
  </ItemGroup>
  <ItemGroup>
    <ClCompile Include="virt.c">
      <Filter>源文件</Filter>
    </ClCompile>
    <ClCompile Include="vl.c">
      <Filter>softmmu</Filter>
    </ClCompile>
    <ClCompile Include="runstate.c">
      <Filter>softmmu</Filter>
    </ClCompile>
    <ClCompile Include="module.c">
      <Filter>util</Filter>
    </ClCompile>
    <ClCompile Include="kvm.c">
      <Filter>源文件</Filter>
    </ClCompile>
  </ItemGroup>
  <ItemGroup>
    <Natvis Include="$(MSBuildThisFileDirectory)..\..\natvis\wil.natvis" />
  </ItemGroup>
  <ItemGroup>
    <ClInclude Include="sysemu.h">
      <Filter>sysemu</Filter>
    </ClInclude>
    <ClInclude Include="module.h">
      <Filter>util</Filter>
    </ClInclude>
    <ClInclude Include="queue.h">
      <Filter>头文件</Filter>
    </ClInclude>
    <ClInclude Include="pch.h">
      <Filter>头文件</Filter>
    </ClInclude>
    <ClInclude Include="accel.h">
      <Filter>头文件</Filter>
    </ClInclude>
    <ClInclude Include="kvm.h">
      <Filter>头文件</Filter>
    </ClInclude>
  </ItemGroup>
</Project>